
Microsoft Visual Studio Solution File, Format Version 12.00
# Visual Studio Version 17
VisualStudioVersion = 17.8.34525.116
MinimumVisualStudioVersion = 10.0.40219.1
Project("{FAE04EC0-301F-11D3-BF4B-00C04F79EFBC}") = "Foody.EntityLayer", "Foody.EntityLayer\Foody.EntityLayer.csproj", "{BAB42961-9FB6-48BD-A2B3-89F2F7BE22A4}"
EndProject
Project("{FAE04EC0-301F-11D3-BF4B-00C04F79EFBC}") = "Foody.DataAccessLayer", "Foody.DataAccessLayer\Foody.DataAccessLayer.csproj", "{6265CD67-23BD-4250-AF67-2BBEF2699D20}"
EndProject
Project("{FAE04EC0-301F-11D3-BF4B-00C04F79EFBC}") = "Foody.BusinessLayer", "Foody.BusinessLayer\Foody.BusinessLayer.csproj", "{99924C3B-96D0-40B6-8785-0A8F1B5FD59B}"
EndProject
Project("{FAE04EC0-301F-11D3-BF4B-00C04F79EFBC}") = "Foody.PresentationLayer", "Foody.PresentationLayer\Foody.PresentationLayer.csproj", "{D44D92F8-66DB-416E-80ED-81B6F842B563}"
EndProject
Global
	GlobalSection(SolutionConfigurationPlatforms) = preSolution
		Debug|Any CPU = Debug|Any CPU
		Release|Any CPU = Release|Any CPU
	EndGlobalSection
	GlobalSection(ProjectConfigurationPlatforms) = postSolution
		{BAB42961-9FB6-48BD-A2B3-89F2F7BE22A4}.Debug|Any CPU.ActiveCfg = Debug|Any CPU
		{BAB42961-9FB6-48BD-A2B3-89F2F7BE22A4}.Debug|Any CPU.Build.0 = Debug|Any CPU
		{BAB42961-9FB6-48BD-A2B3-89F2F7BE22A4}.Release|Any CPU.ActiveCfg = Release|Any CPU
		{BAB42961-9FB6-48BD-A2B3-89F2F7BE22A4}.Release|Any CPU.Build.0 = Release|Any CPU
		{6265CD67-23BD-4250-AF67-2BBEF2699D20}.Debug|Any CPU.ActiveCfg = Debug|Any CPU
		{6265CD67-23BD-4250-AF67-2BBEF2699D20}.Debug|Any CPU.Build.0 = Debug|Any CPU
		{6265CD67-23BD-4250-AF67-2BBEF2699D20}.Release|Any CPU.ActiveCfg = Release|Any CPU
		{6265CD67-23BD-4250-AF67-2BBEF2699D20}.Release|Any CPU.Build.0 = Release|Any CPU
		{99924C3B-96D0-40B6-8785-0A8F1B5FD59B}.Debug|Any CPU.ActiveCfg = Debug|Any CPU
		{99924C3B-96D0-40B6-8785-0A8F1B5FD59B}.Debug|Any CPU.Build.0 = Debug|Any CPU
		{99924C3B-96D0-40B6-8785-0A8F1B5FD59B}.Release|Any CPU.ActiveCfg = Release|Any CPU
		{99924C3B-96D0-40B6-8785-0A8F1B5FD59B}.Release|Any CPU.Build.0 = Release|Any CPU
		{D44D92F8-66DB-416E-80ED-81B6F842B563}.Debug|Any CPU.ActiveCfg = Debug|Any CPU
		{D44D92F8-66DB-416E-80ED-81B6F842B563}.Debug|Any CPU.Build.0 = Debug|Any CPU
		{D44D92F8-66DB-416E-80ED-81B6F842B563}.Release|Any CPU.ActiveCfg = Release|Any CPU
		{D44D92F8-66DB-416E-80ED-81B6F842B563}.Release|Any CPU.Build.0 = Release|Any CPU
	EndGlobalSection
	GlobalSection(SolutionProperties) = preSolution
		HideSolutionNode = FALSE
	EndGlobalSection
	GlobalSection(ExtensibilityGlobals) = postSolution
		SolutionGuid = {01330397-D0AB-445D-9305-AD354999821A}
	EndGlobalSection
EndGlobal
